
Microsoft Visual Studio Solution File, Format Version 12.00
# Visual Studio Version 17
VisualStudioVersion = 17.4.33103.184
MinimumVisualStudioVersion = 10.0.40219.1
Project("{FAE04EC0-301F-11D3-BF4B-00C04F79EFBC}") = "Apex_curs", "Apex_curs.csproj", "{8151761B-F811-4B08-9927-48965E674800}"
EndProject
Global
	GlobalSection(SolutionConfigurationPlatforms) = preSolution
		Debug|Any CPU = Debug|Any CPU
		Release|Any CPU = Release|Any CPU
	EndGlobalSection
	GlobalSection(ProjectConfigurationPlatforms) = postSolution
		{8151761B-F811-4B08-9927-48965E674800}.Debug|Any CPU.ActiveCfg = Debug|Any CPU
		{8151761B-F811-4B08-9927-48965E674800}.Debug|Any CPU.Build.0 = Debug|Any CPU
		{8151761B-F811-4B08-9927-48965E674800}.Release|Any CPU.ActiveCfg = Release|Any CPU
		{8151761B-F811-4B08-9927-48965E674800}.Release|Any CPU.Build.0 = Release|Any CPU
	EndGlobalSection
	GlobalSection(SolutionProperties) = preSolution
		HideSolutionNode = FALSE
	EndGlobalSection
	GlobalSection(ExtensibilityGlobals) = postSolution
		SolutionGuid = {109429A0-60EF-4815-8D19-D187FD224B86}
	EndGlobalSection
EndGlobal
